
Microsoft Visual Studio Solution File, Format Version 12.00
# Visual Studio Version 17
VisualStudioVersion = 17.4.33205.214
MinimumVisualStudioVersion = 10.0.40219.1
Project("{FAE04EC0-301F-11D3-BF4B-00C04F79EFBC}") = "L6_7_Nikolaev", "L6_7_Nikolaev.csproj", "{13586259-FB8E-4DCB-8BE5-643B7CC053E7}"
EndProject
Global
	GlobalSection(SolutionConfigurationPlatforms) = preSolution
		Debug|Any CPU = Debug|Any CPU
		Release|Any CPU = Release|Any CPU
	EndGlobalSection
	GlobalSection(ProjectConfigurationPlatforms) = postSolution
		{13586259-FB8E-4DCB-8BE5-643B7CC053E7}.Debug|Any CPU.ActiveCfg = Debug|Any CPU
		{13586259-FB8E-4DCB-8BE5-643B7CC053E7}.Debug|Any CPU.Build.0 = Debug|Any CPU
		{13586259-FB8E-4DCB-8BE5-643B7CC053E7}.Release|Any CPU.ActiveCfg = Release|Any CPU
		{13586259-FB8E-4DCB-8BE5-643B7CC053E7}.Release|Any CPU.Build.0 = Release|Any CPU
	EndGlobalSection
	GlobalSection(SolutionProperties) = preSolution
		HideSolutionNode = FALSE
	EndGlobalSection
	GlobalSection(ExtensibilityGlobals) = postSolution
		SolutionGuid = {E61F62FF-1A8C-4E7A-8E68-A0794C2AD87F}
	EndGlobalSection
EndGlobal
